Microsoft Visual Studio Solution File, Format Version 12.00
# Visual Studio Version 17
VisualStudioVersion = 17.5.2.0
MinimumVisualStudioVersion = 10.0.40219.1
Project("{FAE04EC0-301F-11D3-BF4B-00C04F79EFBC}") = "josephus_problem", "josephus_problem.csproj", "{542944F0-0846-7EA3-DC27-5C308422663E}"
EndProject
Global
	GlobalSection(SolutionConfigurationPlatforms) = preSolution
		Debug|Any CPU = Debug|Any CPU
		Release|Any CPU = Release|Any CPU
	EndGlobalSection
	GlobalSection(ProjectConfigurationPlatforms) = postSolution
		{542944F0-0846-7EA3-DC27-5C308422663E}.Debug|Any CPU.ActiveCfg = Debug|Any CPU
		{542944F0-0846-7EA3-DC27-5C308422663E}.Debug|Any CPU.Build.0 = Debug|Any CPU
		{542944F0-0846-7EA3-DC27-5C308422663E}.Release|Any CPU.ActiveCfg = Release|Any CPU
		{542944F0-0846-7EA3-DC27-5C308422663E}.Release|Any CPU.Build.0 = Release|Any CPU
	EndGlobalSection
	GlobalSection(SolutionProperties) = preSolution
		HideSolutionNode = FALSE
	EndGlobalSection
	GlobalSection(ExtensibilityGlobals) = postSolution
		SolutionGuid = {BCFC1CD0-C908-4A5C-A9D8-9F6A5724657C}
	EndGlobalSection
EndGlobal
